
Microsoft Visual Studio Solution File, Format Version 12.00
# Visual Studio Version 17
VisualStudioVersion = 17.4.33103.184
MinimumVisualStudioVersion = 10.0.40219.1
Project("{FAE04EC0-301F-11D3-BF4B-00C04F79EFBC}") = "FavouriteLinks", "FavouriteLinks\FavouriteLinks.csproj", "{611E5DC4-B15E-4166-98E5-6C1CE0A23A68}"
EndProject
Global
	GlobalSection(SolutionConfigurationPlatforms) = preSolution
		Debug|Any CPU = Debug|Any CPU
		Release|Any CPU = Release|Any CPU
	EndGlobalSection
	GlobalSection(ProjectConfigurationPlatforms) = postSolution
		{611E5DC4-B15E-4166-98E5-6C1CE0A23A68}.Debug|Any CPU.ActiveCfg = Debug|Any CPU
		{611E5DC4-B15E-4166-98E5-6C1CE0A23A68}.Debug|Any CPU.Build.0 = Debug|Any CPU
		{611E5DC4-B15E-4166-98E5-6C1CE0A23A68}.Release|Any CPU.ActiveCfg = Release|Any CPU
		{611E5DC4-B15E-4166-98E5-6C1CE0A23A68}.Release|Any CPU.Build.0 = Release|Any CPU
	EndGlobalSection
	GlobalSection(SolutionProperties) = preSolution
		HideSolutionNode = FALSE
	EndGlobalSection
	GlobalSection(ExtensibilityGlobals) = postSolution
		SolutionGuid = {058797E0-A20B-4A50-AFE8-EA6921BD0BA2}
	EndGlobalSection
EndGlobal
